
Microsoft Visual Studio Solution File, Format Version 12.00
# Visual Studio Version 17
VisualStudioVersion = 17.4.33205.214
MinimumVisualStudioVersion = 10.0.40219.1
Project("{FAE04EC0-301F-11D3-BF4B-00C04F79EFBC}") = "ProxymaTask2theStore", "ProxymaTask2theStore\ProxymaTask2theStore.csproj", "{1B8D6E19-32DD-4507-9FF7-8FFBCE98D0D2}"
EndProject
Global
	GlobalSection(SolutionConfigurationPlatforms) = preSolution
		Debug|Any CPU = Debug|Any CPU
		Release|Any CPU = Release|Any CPU
	EndGlobalSection
	GlobalSection(ProjectConfigurationPlatforms) = postSolution
		{1B8D6E19-32DD-4507-9FF7-8FFBCE98D0D2}.Debug|Any CPU.ActiveCfg = Debug|Any CPU
		{1B8D6E19-32DD-4507-9FF7-8FFBCE98D0D2}.Debug|Any CPU.Build.0 = Debug|Any CPU
		{1B8D6E19-32DD-4507-9FF7-8FFBCE98D0D2}.Release|Any CPU.ActiveCfg = Release|Any CPU
		{1B8D6E19-32DD-4507-9FF7-8FFBCE98D0D2}.Release|Any CPU.Build.0 = Release|Any CPU
	EndGlobalSection
	GlobalSection(SolutionProperties) = preSolution
		HideSolutionNode = FALSE
	EndGlobalSection
	GlobalSection(ExtensibilityGlobals) = postSolution
		SolutionGuid = {5870B997-3B31-481C-A95A-F56A20D6804A}
	EndGlobalSection
EndGlobal
